
Microsoft Visual Studio Solution File, Format Version 12.00
# Visual Studio Version 17
VisualStudioVersion = 17.4.33205.214
MinimumVisualStudioVersion = 10.0.40219.1
Project("{9A19103F-16F7-4668-BE54-9A1E7A4F7556}") = "MVCWebApp", "MVCWebApp\MVCWebApp.csproj", "{62D511CC-B121-4DA6-8D56-67F702F27BDA}"
EndProject
Project("{FAE04EC0-301F-11D3-BF4B-00C04F79EFBC}") = "DemoConsole", "DemoConsole\DemoConsole.csproj", "{94ED0747-C2B5-450A-874E-1312294462CF}"
EndProject
Global
	GlobalSection(SolutionConfigurationPlatforms) = preSolution
		Debug|Any CPU = Debug|Any CPU
		Release|Any CPU = Release|Any CPU
	EndGlobalSection
	GlobalSection(ProjectConfigurationPlatforms) = postSolution
		{62D511CC-B121-4DA6-8D56-67F702F27BDA}.Debug|Any CPU.ActiveCfg = Debug|Any CPU
		{62D511CC-B121-4DA6-8D56-67F702F27BDA}.Debug|Any CPU.Build.0 = Debug|Any CPU
		{62D511CC-B121-4DA6-8D56-67F702F27BDA}.Release|Any CPU.ActiveCfg = Release|Any CPU
		{62D511CC-B121-4DA6-8D56-67F702F27BDA}.Release|Any CPU.Build.0 = Release|Any CPU
		{94ED0747-C2B5-450A-874E-1312294462CF}.Debug|Any CPU.ActiveCfg = Debug|Any CPU
		{94ED0747-C2B5-450A-874E-1312294462CF}.Debug|Any CPU.Build.0 = Debug|Any CPU
		{94ED0747-C2B5-450A-874E-1312294462CF}.Release|Any CPU.ActiveCfg = Release|Any CPU
		{94ED0747-C2B5-450A-874E-1312294462CF}.Release|Any CPU.Build.0 = Release|Any CPU
	EndGlobalSection
	GlobalSection(SolutionProperties) = preSolution
		HideSolutionNode = FALSE
	EndGlobalSection
	GlobalSection(ExtensibilityGlobals) = postSolution
		SolutionGuid = {3F3738F3-1A96-4949-8CE0-1266794C6A36}
	EndGlobalSection
EndGlobal
